
Microsoft Visual Studio Solution File, Format Version 12.00
# Visual Studio Version 17
VisualStudioVersion = 17.5.002.0
MinimumVisualStudioVersion = 10.0.40219.1
Project("{9A19103F-16F7-4668-BE54-9A1E7A4F7556}") = "BookBackend", "BookBackend\BookBackend.csproj", "{03770C9F-0156-4A97-8FED-538C00B50EFB}"
EndProject
Global
	GlobalSection(SolutionConfigurationPlatforms) = preSolution
		Debug|Any CPU = Debug|Any CPU
		Release|Any CPU = Release|Any CPU
	EndGlobalSection
	GlobalSection(ProjectConfigurationPlatforms) = postSolution
		{03770C9F-0156-4A97-8FED-538C00B50EFB}.Debug|Any CPU.ActiveCfg = Debug|Any CPU
		{03770C9F-0156-4A97-8FED-538C00B50EFB}.Debug|Any CPU.Build.0 = Debug|Any CPU
		{03770C9F-0156-4A97-8FED-538C00B50EFB}.Release|Any CPU.ActiveCfg = Release|Any CPU
		{03770C9F-0156-4A97-8FED-538C00B50EFB}.Release|Any CPU.Build.0 = Release|Any CPU
	EndGlobalSection
	GlobalSection(SolutionProperties) = preSolution
		HideSolutionNode = FALSE
	EndGlobalSection
	GlobalSection(ExtensibilityGlobals) = postSolution
		SolutionGuid = {3D4192DE-0DD1-4693-A2CF-005E26451081}
	EndGlobalSection
EndGlobal
